
Microsoft Visual Studio Solution File, Format Version 12.00
# Visual Studio Version 16
VisualStudioVersion = 16.0.30907.101
MinimumVisualStudioVersion = 10.0.40219.1
Project("{9A19103F-16F7-4668-BE54-9A1E7A4F7556}") = "PlaningPoker.Web", "PlaningPoker.Web\PlaningPoker.Web.csproj", "{1FF3AF1E-BBB0-4154-A81D-1E2F4AC9D661}"
EndProject
Project("{9A19103F-16F7-4668-BE54-9A1E7A4F7556}") = "PlaningPoker.Hubs", "PlaningPoker.Hubs\PlaningPoker.Hubs.csproj", "{705919C5-373C-4DB9-884A-BC8CAC5C119E}"
EndProject
Project("{9A19103F-16F7-4668-BE54-9A1E7A4F7556}") = "PlaningPoker.Meeting", "PlaningPoker.Meeting\PlaningPoker.Meeting.csproj", "{F8B7596A-27D4-4115-8F79-5F5F96524ACC}"
EndProject
Project("{2150E333-8FDC-42A3-9474-1A3956D46DE8}") = "Solution Items", "Solution Items", "{D1820CCA-260E-436F-B033-C6A0A438E3B2}"
	ProjectSection(SolutionItems) = preProject
		TempCmd.txt = TempCmd.txt
	EndProjectSection
EndProject
Global
	GlobalSection(SolutionConfigurationPlatforms) = preSolution
		Debug|Any CPU = Debug|Any CPU
		Release|Any CPU = Release|Any CPU
	EndGlobalSection
	GlobalSection(ProjectConfigurationPlatforms) = postSolution
		{1FF3AF1E-BBB0-4154-A81D-1E2F4AC9D661}.Debug|Any CPU.ActiveCfg = Debug|Any CPU
		{1FF3AF1E-BBB0-4154-A81D-1E2F4AC9D661}.Debug|Any CPU.Build.0 = Debug|Any CPU
		{1FF3AF1E-BBB0-4154-A81D-1E2F4AC9D661}.Release|Any CPU.ActiveCfg = Release|Any CPU
		{1FF3AF1E-BBB0-4154-A81D-1E2F4AC9D661}.Release|Any CPU.Build.0 = Release|Any CPU
		{705919C5-373C-4DB9-884A-BC8CAC5C119E}.Debug|Any CPU.ActiveCfg = Debug|Any CPU
		{705919C5-373C-4DB9-884A-BC8CAC5C119E}.Debug|Any CPU.Build.0 = Debug|Any CPU
		{705919C5-373C-4DB9-884A-BC8CAC5C119E}.Release|Any CPU.ActiveCfg = Release|Any CPU
		{705919C5-373C-4DB9-884A-BC8CAC5C119E}.Release|Any CPU.Build.0 = Release|Any CPU
		{F8B7596A-27D4-4115-8F79-5F5F96524ACC}.Debug|Any CPU.ActiveCfg = Debug|Any CPU
		{F8B7596A-27D4-4115-8F79-5F5F96524ACC}.Debug|Any CPU.Build.0 = Debug|Any CPU
		{F8B7596A-27D4-4115-8F79-5F5F96524ACC}.Release|Any CPU.ActiveCfg = Release|Any CPU
		{F8B7596A-27D4-4115-8F79-5F5F96524ACC}.Release|Any CPU.Build.0 = Release|Any CPU
	EndGlobalSection
	GlobalSection(SolutionProperties) = preSolution
		HideSolutionNode = FALSE
	EndGlobalSection
	GlobalSection(ExtensibilityGlobals) = postSolution
		SolutionGuid = {3ED64648-4636-45F8-AB3B-9D0498B86201}
	EndGlobalSection
EndGlobal
